
Microsoft Visual Studio Solution File, Format Version 12.00
# Visual Studio 14
VisualStudioVersion = 14.0.23107.0
MinimumVisualStudioVersion = 10.0.40219.1
Project("{FAE04EC0-301F-11D3-BF4B-00C04F79EFBC}") = "FinalProject", "FinalProject\FinalProject.csproj", "{231474A3-C639-495D-8F21-11BFE7F149CE}"
EndProject
Global
	GlobalSection(SolutionConfigurationPlatforms) = preSolution
		Debug|Any CPU = Debug|Any CPU
		Release|Any CPU = Release|Any CPU
	EndGlobalSection
	GlobalSection(ProjectConfigurationPlatforms) = postSolution
		{231474A3-C639-495D-8F21-11BFE7F149CE}.Debug|Any CPU.ActiveCfg = Debug|Any CPU
		{231474A3-C639-495D-8F21-11BFE7F149CE}.Debug|Any CPU.Build.0 = Debug|Any CPU
		{231474A3-C639-495D-8F21-11BFE7F149CE}.Release|Any CPU.ActiveCfg = Release|Any CPU
		{231474A3-C639-495D-8F21-11BFE7F149CE}.Release|Any CPU.Build.0 = Release|Any CPU
	EndGlobalSection
	GlobalSection(SolutionProperties) = preSolution
		HideSolutionNode = FALSE
	EndGlobalSection
EndGlobal
